
Microsoft Visual Studio Solution File, Format Version 12.00
# Visual Studio Version 17
VisualStudioVersion = 17.8.34525.116
MinimumVisualStudioVersion = 10.0.40219.1
Project("{FAE04EC0-301F-11D3-BF4B-00C04F79EFBC}") = "Authentication_BackEnd", "Authentication_BackEnd.csproj", "{2F9603A4-BDE6-4804-BFA7-77C682758894}"
EndProject
Global
	GlobalSection(SolutionConfigurationPlatforms) = preSolution
		Debug|Any CPU = Debug|Any CPU
		Release|Any CPU = Release|Any CPU
	EndGlobalSection
	GlobalSection(ProjectConfigurationPlatforms) = postSolution
		{2F9603A4-BDE6-4804-BFA7-77C682758894}.Debug|Any CPU.ActiveCfg = Debug|Any CPU
		{2F9603A4-BDE6-4804-BFA7-77C682758894}.Debug|Any CPU.Build.0 = Debug|Any CPU
		{2F9603A4-BDE6-4804-BFA7-77C682758894}.Release|Any CPU.ActiveCfg = Release|Any CPU
		{2F9603A4-BDE6-4804-BFA7-77C682758894}.Release|Any CPU.Build.0 = Release|Any CPU
	EndGlobalSection
	GlobalSection(SolutionProperties) = preSolution
		HideSolutionNode = FALSE
	EndGlobalSection
	GlobalSection(ExtensibilityGlobals) = postSolution
		SolutionGuid = {E11C06E2-0BB9-4F3F-BD3D-8CE1A252654F}
	EndGlobalSection
EndGlobal
